{
  "nodes": {
    "agenix": {
      "inputs": {
        "darwin": "darwin",
        "home-manager": "home-manager",
        "nixpkgs": [
          "nixpkgs"
        ],
        "systems": "systems"
      },
      "locked": {
        "lastModified": 1770165109,
        "narHash": "sha256-9VnK6Oqai65puVJ4WYtCTvlJeXxMzAp/69HhQuTdl/I=",
        "owner": "ryantm",
        "repo": "agenix",
        "rev": "b027ee29d959fda4b60b57566d64c98a202e0feb",
        "type": "github"
      },
      "original": {
        "owner": "ryantm",
        "repo": "agenix",
        "type": "github"
      }
    },
    "ags": {
      "inputs": {
        "astal": [
          "astal"
        ],
        "nixpkgs": [
          "nixpkgs"
        ]
      },
      "locked": {
        "lastModified": 1764289441,
        "narHash": "sha256-ak+lgFiYE5PHByN1/BRkO5JP498hno6Ix24C1Qf/vec=",
        "owner": "aylur",
        "repo": "ags",
        "rev": "e169694390548dfd38ff40f1ef2163d6c3ffe3ea",
        "type": "github"
      },
      "original": {
        "owner": "aylur",
        "repo": "ags",
        "type": "github"
      }
    },
    "astal": {
      "inputs": {
        "nixpkgs": [
          "nixpkgs"
        ]
      },
      "locked": {
        "lastModified": 1773914523,
        "narHash": "sha256-GOL+bR30FPImAzy4NNsTMY1gpoINMsLTXR0WJBRSq30=",
        "owner": "aylur",
        "repo": "astal",
        "rev": "41b50290c6a1cdce7b482897c22fe49286912b9a",
        "type": "github"
      },
      "original": {
        "owner": "aylur",
        "repo": "astal",
        "type": "github"
      }
    },
    "awww": {
      "inputs": {
        "flake-compat": "flake-compat",
        "nixpkgs": [
          "nixpkgs"
        ],
        "rust-overlay": "rust-overlay"
      },
      "locked": {
        "lastModified": 1774191766,
        "narHash": "sha256-bvO+gfuUOVUiBEwAJ5A2RjpysPzCfyXD+DM8piOa1+4=",
        "ref": "refs/heads/main",
        "rev": "7a8fc2e646b97e5ae508a44d3449e3b41345d456",
        "revCount": 1336,
        "type": "git",
        "url": "https://codeberg.org/LGFae/awww"
      },
      "original": {
        "type": "git",
        "url": "https://codeberg.org/LGFae/awww"
      }
    },
    "beacon": {
      "flake": false,
      "locked": {
        "lastModified": 1719294964,
        "narHash": "sha256-x/79mRkwwT+sNrnf8QqocsaQtM+Rx6BUvVj5Nnv5JDY=",
        "owner": "DanilaMihailov",
        "repo": "beacon.nvim",
        "rev": "098ff96c33874339d5e61656f3050dbd587d6bd5",
        "type": "github"
      },
      "original": {
        "owner": "DanilaMihailov",
        "repo": "beacon.nvim",
        "type": "github"
      }
    },
    "darwin": {
      "inputs": {
        "nixpkgs": [
          "agenix",
          "nixpkgs"
        ]
      },
      "locked": {
        "lastModified": 1744478979,
        "narHash": "sha256-dyN+teG9G82G+m+PX/aSAagkC+vUv0SgUw3XkPhQodQ=",
        "owner": "lnl7",
        "repo": "nix-darwin",
        "rev": "43975d782b418ebf4969e9ccba82466728c2851b",
        "type": "github"
      },
      "original": {
        "owner": "lnl7",
        "ref": "master",
        "repo": "nix-darwin",
        "type": "github"
      }
    },
    "flake-compat": {
      "flake": false,
      "locked": {
        "lastModified": 1761588595,
        "narHash": "sha256-XKUZz9zewJNUj46b4AJdiRZJAvSZ0Dqj2BNfXvFlJC4=",
        "owner": "edolstra",
        "repo": "flake-compat",
        "rev": "f387cd2afec9419c8ee37694406ca490c3f34ee5",
        "type": "github"
      },
      "original": {
        "owner": "edolstra",
        "repo": "flake-compat",
        "type": "github"
      }
    },
    "flake-parts": {
      "inputs": {
        "nixpkgs-lib": [
          "nixvim",
          "nixpkgs"
        ]
      },
      "locked": {
        "lastModified": 1769996383,
        "narHash": "sha256-AnYjnFWgS49RlqX7LrC4uA+sCCDBj0Ry/WOJ5XWAsa0=",
        "owner": "hercules-ci",
        "repo": "flake-parts",
        "rev": "57928607ea566b5db3ad13af0e57e921e6b12381",
        "type": "github"
      },
      "original": {
        "owner": "hercules-ci",
        "repo": "flake-parts",
        "type": "github"
      }
    },
    "home-manager": {
      "inputs": {
        "nixpkgs": [
          "agenix",
          "nixpkgs"
        ]
      },
      "locked": {
        "lastModified": 1745494811,
        "narHash": "sha256-YZCh2o9Ua1n9uCvrvi5pRxtuVNml8X2a03qIFfRKpFs=",
        "owner": "nix-community",
        "repo": "home-manager",
        "rev": "abfad3d2958c9e6300a883bd443512c55dfeb1be",
        "type": "github"
      },
      "original": {
        "owner": "nix-community",
        "repo": "home-manager",
        "type": "github"
      }
    },
    "home-manager_2": {
      "inputs": {
        "nixpkgs": [
          "nixpkgs"
        ]
      },
      "locked": {
        "lastModified": 1774007980,
        "narHash": "sha256-FOnZjElEI8pqqCvB6K/1JRHTE8o4rer8driivTpq2uo=",
        "owner": "nix-community",
        "repo": "home-manager",
        "rev": "9670de2921812bc4e0452f6e3efd8c859696c183",
        "type": "github"
      },
      "original": {
        "owner": "nix-community",
        "repo": "home-manager",
        "type": "github"
      }
    },
    "im-select": {
      "flake": false,
      "locked": {
        "lastModified": 1773872696,
        "narHash": "sha256-5FXpF7tKpJcF++eBnnd2SJeVGc2k1exa4g/k93Medjw=",
        "owner": "keaising",
        "repo": "im-select.nvim",
        "rev": "963a4e9d528ef8a8d328eeff690593b0146d30e2",
        "type": "github"
      },
      "original": {
        "owner": "keaising",
        "repo": "im-select.nvim",
        "type": "github"
      }
    },
    "lxgw-bright": {
      "flake": false,
      "locked": {
        "lastModified": 1773723047,
        "narHash": "sha256-GxnKofwirCjqXd4G7bsbJ2++Wts8rfPKpZ7FvZuEkCQ=",
        "owner": "lxgw",
        "repo": "LxgwBright",
        "rev": "6e5e22a5b90c543e6aeb49ed2bde722a93f54cf8",
        "type": "github"
      },
      "original": {
        "owner": "lxgw",
        "repo": "LxgwBright",
        "type": "github"
      }
    },
    "mmdb": {
      "flake": false,
      "locked": {
        "lastModified": 1773948010,
        "narHash": "sha256-EeZWrDCLjQhz3RkU2HFRmzi0fCl277qwxcJ5NwMkwR0=",
        "owner": "alecthw",
        "repo": "mmdb_china_ip_list",
        "rev": "32a0f5056f661e6736eb8e98b742bf403b3d847c",
        "type": "github"
      },
      "original": {
        "owner": "alecthw",
        "ref": "release",
        "repo": "mmdb_china_ip_list",
        "type": "github"
      }
    },
    "navbuddy": {
      "flake": false,
      "locked": {
        "lastModified": 1746961661,
        "narHash": "sha256-cabDiT088N8ugpXKSOOjO/5Q2W33ITv39GKA0AM0M48=",
        "owner": "hasansujon786",
        "repo": "nvim-navbuddy",
        "rev": "18802efb91bcfafc54aed513ef97da1dfeae4059",
        "type": "github"
      },
      "original": {
        "owner": "hasansujon786",
        "repo": "nvim-navbuddy",
        "type": "github"
      }
    },
    "nixpkgs": {
      "locked": {
        "lastModified": 1773821835,
        "narHash": "sha256-TJ3lSQtW0E2JrznGVm8hOQGVpXjJyXY2guAxku2O9A4=",
        "owner": "NixOS",
        "repo": "nixpkgs",
        "rev": "b40629efe5d6ec48dd1efba650c797ddbd39ace0",
        "type": "github"
      },
      "original": {
        "owner": "NixOS",
        "ref": "nixos-unstable",
        "repo": "nixpkgs",
        "type": "github"
      }
    },
    "nixvim": {
      "inputs": {
        "flake-parts": "flake-parts",
        "nixpkgs": [
          "nixpkgs"
        ],
        "systems": "systems_2"
      },
      "locked": {
        "lastModified": 1772402258,
        "narHash": "sha256-3DmCFOdmbkFML1/G9gj8Wb+rCCZFPOQtNoMCpqOF8SA=",
        "owner": "nix-community",
        "repo": "nixvim",
        "rev": "21ae25e13b01d3b4cdc750b5f9e7bad68b150c10",
        "type": "github"
      },
      "original": {
        "owner": "nix-community",
        "repo": "nixvim",
        "type": "github"
      }
    },
    "root": {
      "inputs": {
        "agenix": "agenix",
        "ags": "ags",
        "astal": "astal",
        "awww": "awww",
        "beacon": "beacon",
        "home-manager": "home-manager_2",
        "im-select": "im-select",
        "lxgw-bright": "lxgw-bright",
        "mmdb": "mmdb",
        "navbuddy": "navbuddy",
        "nixpkgs": "nixpkgs",
        "nixvim": "nixvim",
        "search-replace": "search-replace"
      }
    },
    "rust-overlay": {
      "inputs": {
        "nixpkgs": [
          "awww",
          "nixpkgs"
        ]
      },
      "locked": {
        "lastModified": 1764038373,
        "narHash": "sha256-M6w2wNBRelcavoDAyFL2iO4NeWknD40ASkH1S3C0YGM=",
        "owner": "oxalica",
        "repo": "rust-overlay",
        "rev": "ab3536fe850211a96673c6ffb2cb88aab8071cc9",
        "type": "github"
      },
      "original": {
        "owner": "oxalica",
        "repo": "rust-overlay",
        "type": "github"
      }
    },
    "search-replace": {
      "flake": false,
      "locked": {
        "lastModified": 1694253952,
        "narHash": "sha256-hEdEBDeHbJc3efgo7djktX4RemAiX8ZvQlJIEoAgkPM=",
        "owner": "roobert",
        "repo": "search-replace.nvim",
        "rev": "d92290a02d97f4e9b8cd60d28b56b403432158d5",
        "type": "github"
      },
      "original": {
        "owner": "roobert",
        "repo": "search-replace.nvim",
        "type": "github"
      }
    },
    "systems": {
      "locked": {
        "lastModified": 1681028828,
        "narHash": "sha256-Vy1rq5AaRuLzOxct8nz4T6wlgyUR7zLU309k9mBC768=",
        "owner": "nix-systems",
        "repo": "default",
        "rev": "da67096a3b9bf56a91d16901293e51ba5b49a27e",
        "type": "github"
      },
      "original": {
        "owner": "nix-systems",
        "repo": "default",
        "type": "github"
      }
    },
    "systems_2": {
      "locked": {
        "lastModified": 1681028828,
        "narHash": "sha256-Vy1rq5AaRuLzOxct8nz4T6wlgyUR7zLU309k9mBC768=",
        "owner": "nix-systems",
        "repo": "default",
        "rev": "da67096a3b9bf56a91d16901293e51ba5b49a27e",
        "type": "github"
      },
      "original": {
        "owner": "nix-systems",
        "repo": "default",
        "type": "github"
      }
    }
  },
  "root": "root",
  "version": 7
}
